# This file was autogenerated by Stack.
# You should not edit this file by hand.
# For more information, please see the documentation at:
#   https://docs.haskellstack.org/en/stable/lock_files

packages:
- completed:
    commit: cd4441016d1946f689ddee6969b9877515610afa
    git: https://github.com/space-vacuum/aeson-shim
    name: aeson-shim
    pantry-tree:
      sha256: 120e28d8c7338c408deadc0b61376826b4b886896703562b1b801c51eaceba41
      size: 268
    version: '0.1'
  original:
    commit: cd4441016d1946f689ddee6969b9877515610afa
    git: https://github.com/space-vacuum/aeson-shim
snapshots:
- completed:
    sha256: 9fa4bece7acfac1fc7930c5d6e24606004b09e80aa0e52e9f68b148201008db9
    size: 649606
    url: https://raw.githubusercontent.com/commercialhaskell/stackage-snapshots/master/lts/20/18.yaml
  original: lts-20.18
