# This file was autogenerated by Stack.
# You should not edit this file by hand.
# For more information, please see the documentation at:
#   https://docs.haskellstack.org/en/stable/lock_files

packages:
- completed:
    hackage: ede-0.2.9@sha256:062198b65a661f015bff53c15d53d0b63eac547d44b09d96b7fb8d27752dfc79,3561
    pantry-tree:
      sha256: ee8d76f8f1ca483f29233498833c7159774efc3c0cb14027703cefac79c41315
      size: 5392
  original:
    hackage: ede-0.2.9
- completed:
    hackage: text-regex-replace-0.1.1.1@sha256:fc71a4a604e73c8fd532ed29820cff6559a606d51b73b61abd6283b30928e5a9,2005
    pantry-tree:
      sha256: 3428c17d8b8941c95a9ac7c9de8b74f64c8200f2ab6113ebd13a44625a70b394
      size: 360
  original:
    hackage: text-regex-replace-0.1.1.1
- completed:
    hackage: unliftio-core-0.2.0.1@sha256:f9abcdd3f3d28e4840563efb7b8760d2de9b5707bcd6f53a87f6a0d77bb5a9f7,1082
    pantry-tree:
      sha256: 9955bc1336dd07c94928892f1a97aed6e5fe63a4242f089a0efd2e95174490ea
      size: 328
  original:
    hackage: unliftio-core-0.2.0.1
- completed:
    hackage: hindent-6.0.0@sha256:39de37e98d7e157ded253bb4230be98eaf48142b09a19c811372339dd113f0f1,5717
    pantry-tree:
      sha256: dfe0b89c2ebc62d4761628d406a97077af70533320de8fb082df443ec25be8c5
      size: 3077
  original:
    hackage: hindent-6.0.0
- completed:
    hackage: ghc-lib-parser-9.2.7.20230228@sha256:6eaa8cb4e6f08687e6308f7f368aab801859254d6a2d36d74386607888dfb0b2,13007
    pantry-tree:
      sha256: b168de4f89d4ca2d3b5ca3e282f8c57aa17d99ea0b3b94434154d7f79eb7028c
      size: 27706
  original:
    hackage: ghc-lib-parser-9.2.7.20230228
- completed:
    commit: cd4441016d1946f689ddee6969b9877515610afa
    git: https://github.com/space-vacuum/aeson-shim
    name: aeson-shim
    pantry-tree:
      sha256: 120e28d8c7338c408deadc0b61376826b4b886896703562b1b801c51eaceba41
      size: 268
    version: '0.1'
  original:
    commit: cd4441016d1946f689ddee6969b9877515610afa
    git: https://github.com/space-vacuum/aeson-shim
snapshots:
- completed:
    sha256: 428ec8d5ce932190d3cbe266b9eb3c175cd81e984babf876b64019e2cbe4ea68
    size: 590100
    url: https://raw.githubusercontent.com/commercialhaskell/stackage-snapshots/master/lts/18/28.yaml
  original: lts-18.28
